
Microsoft Visual Studio Solution File, Format Version 12.00
# Visual Studio Version 16
VisualStudioVersion = 16.0.31019.35
MinimumVisualStudioVersion = 10.0.40219.1
Project("{FAE04EC0-301F-11D3-BF4B-00C04F79EFBC}") = "EFCore5WebApp", "EFCore5WebApp.csproj", "{3BE2D1F3-8452-4D40-9D38-41E4E767FEFF}"
EndProject
Global
	GlobalSection(SolutionConfigurationPlatforms) = preSolution
		Debug|Any CPU = Debug|Any CPU
		Release|Any CPU = Release|Any CPU
	EndGlobalSection
	GlobalSection(ProjectConfigurationPlatforms) = postSolution
		{3BE2D1F3-8452-4D40-9D38-41E4E767FEFF}.Debug|Any CPU.ActiveCfg = Debug|Any CPU
		{3BE2D1F3-8452-4D40-9D38-41E4E767FEFF}.Debug|Any CPU.Build.0 = Debug|Any CPU
		{3BE2D1F3-8452-4D40-9D38-41E4E767FEFF}.Release|Any CPU.ActiveCfg = Release|Any CPU
		{3BE2D1F3-8452-4D40-9D38-41E4E767FEFF}.Release|Any CPU.Build.0 = Release|Any CPU
	EndGlobalSection
	GlobalSection(SolutionProperties) = preSolution
		HideSolutionNode = FALSE
	EndGlobalSection
	GlobalSection(ExtensibilityGlobals) = postSolution
		SolutionGuid = {6857B05A-BE57-461A-B7E0-5C2433F7CA7C}
	EndGlobalSection
EndGlobal
